// !$*UTF8*$!
{
	archiveVersion = 1;
	classes = {
	};
	objectVersion = 51;
	objects = {

/* Begin PBXBuildFile section */
		2137E2572D05843DD2D18BAB /* Pods_instagramMarch10Tests.framework in Frameworks */ = {isa = PBXBuildFile; fileRef = D4EE1780249005765B5FA3AF /* Pods_instagramMarch10Tests.framework */; };
		44107D7CFF5B9FBFAEA78662 /* Pods_instagramMarch10.framework in Frameworks */ = {isa = PBXBuildFile; fileRef = 2F9A22ABD2AC31A6F2C1F9F2 /* Pods_instagramMarch10.framework */; };
		9F032B01245CB86C00A5A5EF /* HomePageViewController.swift in Sources */ = {isa = PBXBuildFile; fileRef = 9F032B00245CB86C00A5A5EF /* HomePageViewController.swift */; };
		9F032B03245CC65700A5A5EF /* AddPictureViewController.swift in Sources */ = {isa = PBXBuildFile; fileRef = 9F032B02245CC65700A5A5EF /* AddPictureViewController.swift */; };
		9F032B05245CC9F400A5A5EF /* ShareViewController.swift in Sources */ = {isa = PBXBuildFile; fileRef = 9F032B04245CC9F400A5A5EF /* ShareViewController.swift */; };
		9F4763DB2418188E006FC91B /* AppDelegate.swift in Sources */ = {isa = PBXBuildFile; fileRef = 9F4763DA2418188E006FC91B /* AppDelegate.swift */; };
		9F4763DD2418188E006FC91B /* SceneDelegate.swift in Sources */ = {isa = PBXBuildFile; fileRef = 9F4763DC2418188E006FC91B /* SceneDelegate.swift */; };
		9F4763E22418188E006FC91B /* Main.storyboard in Resources */ = {isa = PBXBuildFile; fileRef = 9F4763E02418188E006FC91B /* Main.storyboard */; };
		9F4763E424181891006FC91B /* Assets.xcassets in Resources */ = {isa = PBXBuildFile; fileRef = 9F4763E324181891006FC91B /* Assets.xcassets */; };
		9F4763E724181891006FC91B /* LaunchScreen.storyboard in Resources */ = {isa = PBXBuildFile; fileRef = 9F4763E524181891006FC91B /* LaunchScreen.storyboard */; };
		9F4763F224181891006FC91B /* instagramMarch10Tests.swift in Sources */ = {isa = PBXBuildFile; fileRef = 9F4763F124181891006FC91B /* instagramMarch10Tests.swift */; };
		9F4763FD24181D3B006FC91B /* Login.storyboard in Resources */ = {isa = PBXBuildFile; fileRef = 9F4763FC24181D3B006FC91B /* Login.storyboard */; };
		9F9F8CE42461208C0007E138 /* Profile.swift in Sources */ = {isa = PBXBuildFile; fileRef = 9F9F8CE32461208C0007E138 /* Profile.swift */; };
		9F9F8CE6246125D90007E138 /* EditProfileViewController.swift in Sources */ = {isa = PBXBuildFile; fileRef = 9F9F8CE5246125D90007E138 /* EditProfileViewController.swift */; };
		9FF4019A245B90230070C0BF /* UserPostCell.swift in Sources */ = {isa = PBXBuildFile; fileRef = 9FF40199245B90230070C0BF /* UserPostCell.swift */; };
		9FF4019D245B90E50070C0BF /* Model.swift in Sources */ = {isa = PBXBuildFile; fileRef = 9FF4019C245B90E50070C0BF /* Model.swift */; };
		9FF401A0245B93060070C0BF /* UIViewControllerExtensions.swift in Sources */ = {isa = PBXBuildFile; fileRef = 9FF4019F245B93060070C0BF /* UIViewControllerExtensions.swift */; };
		9FF401A2245B972A0070C0BF /* AlertExtensions.swift in Sources */ = {isa = PBXBuildFile; fileRef = 9FF401A1245B972A0070C0BF /* AlertExtensions.swift */; };
		9FF401A4245B97620070C0BF /* UIImageExtension.swift in Sources */ = {isa = PBXBuildFile; fileRef = 9FF401A3245B97620070C0BF /* UIImageExtension.swift */; };
		9FF401A6245B98370070C0BF /* AuthenticationSession.swift in Sources */ = {isa = PBXBuildFile; fileRef = 9FF401A5245B98370070C0BF /* AuthenticationSession.swift */; };
		9FF401A9245B9C3F0070C0BF /* StorageService.swift in Sources */ = {isa = PBXBuildFile; fileRef = 9FF401A8245B9C3F0070C0BF /* StorageService.swift */; };
		9FF401AB245BA1470070C0BF /* DatabaseService.swift in Sources */ = {isa = PBXBuildFile; fileRef = 9FF401AA245BA1470070C0BF /* DatabaseService.swift */; };
		9FF401AD245CA05F0070C0BF /* FeedCell.swift in Sources */ = {isa = PBXBuildFile; fileRef = 9FF401AC245CA05F0070C0BF /* FeedCell.swift */; };
		9FF401AF245CA2230070C0BF /* EmptyView.swift in Sources */ = {isa = PBXBuildFile; fileRef = 9FF401AE245CA2230070C0BF /* EmptyView.swift */; };
		9FF401B2245CA29E0070C0BF /* MainTabBarController.swift in Sources */ = {isa = PBXBuildFile; fileRef = 9FF401B1245CA29E0070C0BF /* MainTabBarController.swift */; };
		9FF401B5245CA3A70070C0BF /* LoginViewController.swift in Sources */ = {isa = PBXBuildFile; fileRef = 9FF401B4245CA3A70070C0BF /* LoginViewController.swift */; };
		9FF401B7245CA6A10070C0BF /* SignUpViewController.swift in Sources */ = {isa = PBXBuildFile; fileRef = 9FF401B6245CA6A10070C0BF /* SignUpViewController.swift */; };
		9FF96C982461FDFD00C782D8 /* GoogleService-Info.plist in Resources */ = {isa = PBXBuildFile; fileRef = 9FF96C972461FDFD00C782D8 /* GoogleService-Info.plist */; };
/* End PBXBuildFile section */

/* Begin PBXContainerItemProxy section */
		9F4763EE24181891006FC91B /* PBXContainerItemProxy */ = {
			isa = PBXContainerItemProxy;
			containerPortal = 9F4763CF2418188E006FC91B /* Project object */;
			proxyType = 1;
			remoteGlobalIDString = 9F4763D62418188E006FC91B;
			remoteInfo = instagramMarch10;
		};
/* End PBXContainerItemProxy section */

/* Begin PBXFileReference section */
		2F9A22ABD2AC31A6F2C1F9F2 /* Pods_instagramMarch10.framework */ = {isa = PBXFileReference; explicitFileType = wrapper.framework; includeInIndex = 0; path = Pods_instagramMarch10.framework; sourceTree = BUILT_PRODUCTS_DIR; };
		5F0B4F6924DD22F835361333 /* Pods-instagramMarch10.release.xcconfig */ = {isa = PBXFileReference; includeInIndex = 1; lastKnownFileType = text.xcconfig; name = "Pods-instagramMarch10.release.xcconfig"; path = "Target Support Files/Pods-instagramMarch10/Pods-instagramMarch10.release.xcconfig"; sourceTree = "<group>"; };
		60ECAE0198EC0CF5BF9A9253 /* Pods-instagramMarch10.debug.xcconfig */ = {isa = PBXFileReference; includeInIndex = 1; lastKnownFileType = text.xcconfig; name = "Pods-instagramMarch10.debug.xcconfig"; path = "Target Support Files/Pods-instagramMarch10/Pods-instagramMarch10.debug.xcconfig"; sourceTree = "<group>"; };
		9418A7B1F89F4687730340B7 /* Pods-instagramMarch10Tests.release.xcconfig */ = {isa = PBXFileReference; includeInIndex = 1; lastKnownFileType = text.xcconfig; name = "Pods-instagramMarch10Tests.release.xcconfig"; path = "Target Support Files/Pods-instagramMarch10Tests/Pods-instagramMarch10Tests.release.xcconfig"; sourceTree = "<group>"; };
		9F032B00245CB86C00A5A5EF /* HomePageViewController.swift */ = {isa = PBXFileReference; lastKnownFileType = sourcecode.swift; path = HomePageViewController.swift; sourceTree = "<group>"; };
		9F032B02245CC65700A5A5EF /* AddPictureViewController.swift */ = {isa = PBXFileReference; lastKnownFileType = sourcecode.swift; path = AddPictureViewController.swift; sourceTree = "<group>"; };
		9F032B04245CC9F400A5A5EF /* ShareViewController.swift */ = {isa = PBXFileReference; lastKnownFileType = sourcecode.swift; path = ShareViewController.swift; sourceTree = "<group>"; };
		9F4763D72418188E006FC91B /* instagramMarch10.app */ = {isa = PBXFileReference; explicitFileType = wrapper.application; includeInIndex = 0; path = instagramMarch10.app; sourceTree = BUILT_PRODUCTS_DIR; };
		9F4763DA2418188E006FC91B /* AppDelegate.swift */ = {isa = PBXFileReference; lastKnownFileType = sourcecode.swift; path = AppDelegate.swift; sourceTree = "<group>"; };
		9F4763DC2418188E006FC91B /* SceneDelegate.swift */ = {isa = PBXFileReference; lastKnownFileType = sourcecode.swift; path = SceneDelegate.swift; sourceTree = "<group>"; };
		9F4763E12418188E006FC91B /* Base */ = {isa = PBXFileReference; lastKnownFileType = file.storyboard; name = Base; path = Base.lproj/Main.storyboard; sourceTree = "<group>"; };
		9F4763E324181891006FC91B /* Assets.xcassets */ = {isa = PBXFileReference; lastKnownFileType = folder.assetcatalog; path = Assets.xcassets; sourceTree = "<group>"; };
		9F4763E624181891006FC91B /* Base */ = {isa = PBXFileReference; lastKnownFileType = file.storyboard; name = Base; path = Base.lproj/LaunchScreen.storyboard; sourceTree = "<group>"; };
		9F4763E824181891006FC91B /* Info.plist */ = {isa = PBXFileReference; lastKnownFileType = text.plist.xml; path = Info.plist; sourceTree = "<group>"; };
		9F4763ED24181891006FC91B /* instagramMarch10Tests.xctest */ = {isa = PBXFileReference; explicitFileType = wrapper.cfbundle; includeInIndex = 0; path = instagramMarch10Tests.xctest; sourceTree = BUILT_PRODUCTS_DIR; };
		9F4763F124181891006FC91B /* instagramMarch10Tests.swift */ = {isa = PBXFileReference; lastKnownFileType = sourcecode.swift; path = instagramMarch10Tests.swift; sourceTree = "<group>"; };
		9F4763F324181891006FC91B /* Info.plist */ = {isa = PBXFileReference; lastKnownFileType = text.plist.xml; path = Info.plist; sourceTree = "<group>"; };
		9F4763FC24181D3B006FC91B /* Login.storyboard */ = {isa = PBXFileReference; lastKnownFileType = file.storyboard; path = Login.storyboard; sourceTree = "<group>"; };
		9F9F8CE32461208C0007E138 /* Profile.swift */ = {isa = PBXFileReference; lastKnownFileType = sourcecode.swift; path = Profile.swift; sourceTree = "<group>"; };
		9F9F8CE5246125D90007E138 /* EditProfileViewController.swift */ = {isa = PBXFileReference; lastKnownFileType = sourcecode.swift; path = EditProfileViewController.swift; sourceTree = "<group>"; };
		9FF40199245B90230070C0BF /* UserPostCell.swift */ = {isa = PBXFileReference; lastKnownFileType = sourcecode.swift; path = UserPostCell.swift; sourceTree = "<group>"; };
		9FF4019C245B90E50070C0BF /* Model.swift */ = {isa = PBXFileReference; lastKnownFileType = sourcecode.swift; path = Model.swift; sourceTree = "<group>"; };
		9FF4019F245B93060070C0BF /* UIViewControllerExtensions.swift */ = {isa = PBXFileReference; lastKnownFileType = sourcecode.swift; path = UIViewControllerExtensions.swift; sourceTree = "<group>"; };
		9FF401A1245B972A0070C0BF /* AlertExtensions.swift */ = {isa = PBXFileReference; lastKnownFileType = sourcecode.swift; path = AlertExtensions.swift; sourceTree = "<group>"; };
		9FF401A3245B97620070C0BF /* UIImageExtension.swift */ = {isa = PBXFileReference; lastKnownFileType = sourcecode.swift; path = UIImageExtension.swift; sourceTree = "<group>"; };
		9FF401A5245B98370070C0BF /* AuthenticationSession.swift */ = {isa = PBXFileReference; lastKnownFileType = sourcecode.swift; path = AuthenticationSession.swift; sourceTree = "<group>"; };
		9FF401A8245B9C3F0070C0BF /* StorageService.swift */ = {isa = PBXFileReference; lastKnownFileType = sourcecode.swift; path = StorageService.swift; sourceTree = "<group>"; };
		9FF401AA245BA1470070C0BF /* DatabaseService.swift */ = {isa = PBXFileReference; lastKnownFileType = sourcecode.swift; path = DatabaseService.swift; sourceTree = "<group>"; };
		9FF401AC245CA05F0070C0BF /* FeedCell.swift */ = {isa = PBXFileReference; lastKnownFileType = sourcecode.swift; path = FeedCell.swift; sourceTree = "<group>"; };
		9FF401AE245CA2230070C0BF /* EmptyView.swift */ = {isa = PBXFileReference; lastKnownFileType = sourcecode.swift; path = EmptyView.swift; sourceTree = "<group>"; };
		9FF401B1245CA29E0070C0BF /* MainTabBarController.swift */ = {isa = PBXFileReference; lastKnownFileType = sourcecode.swift; path = MainTabBarController.swift; sourceTree = "<group>"; };
		9FF401B4245CA3A70070C0BF /* LoginViewController.swift */ = {isa = PBXFileReference; lastKnownFileType = sourcecode.swift; path = LoginViewController.swift; sourceTree = "<group>"; };
		9FF401B6245CA6A10070C0BF /* SignUpViewController.swift */ = {isa = PBXFileReference; lastKnownFileType = sourcecode.swift; path = SignUpViewController.swift; sourceTree = "<group>"; };
		9FF96C972461FDFD00C782D8 /* GoogleService-Info.plist */ = {isa = PBXFileReference; fileEncoding = 4; lastKnownFileType = text.plist.xml; path = "GoogleService-Info.plist"; sourceTree = "<group>"; };
		D22228BFC59F914E114418D9 /* Pods-instagramMarch10Tests.debug.xcconfig */ = {isa = PBXFileReference; includeInIndex = 1; lastKnownFileType = text.xcconfig; name = "Pods-instagramMarch10Tests.debug.xcconfig"; path = "Target Support Files/Pods-instagramMarch10Tests/Pods-instagramMarch10Tests.debug.xcconfig"; sourceTree = "<group>"; };
		D4EE1780249005765B5FA3AF /* Pods_instagramMarch10Tests.framework */ = {isa = PBXFileReference; explicitFileType = wrapper.framework; includeInIndex = 0; path = Pods_instagramMarch10Tests.framework; sourceTree = BUILT_PRODUCTS_DIR; };
/* End PBXFileReference section */

/* Begin PBXFrameworksBuildPhase section */
		9F4763D42418188E006FC91B /* Frameworks */ = {
			isa = PBXFrameworksBuildPhase;
			buildActionMask = 2147483647;
			files = (
				44107D7CFF5B9FBFAEA78662 /* Pods_instagramMarch10.framework in Frameworks */,
			);
			runOnlyForDeploymentPostprocessing = 0;
		};
		9F4763EA24181891006FC91B /* Frameworks */ = {
			isa = PBXFrameworksBuildPhase;
			buildActionMask = 2147483647;
			files = (
				2137E2572D05843DD2D18BAB /* Pods_instagramMarch10Tests.framework in Frameworks */,
			);
			runOnlyForDeploymentPostprocessing = 0;
		};
/* End PBXFrameworksBuildPhase section */

/* Begin PBXGroup section */
		713CBB6FAAA6D02DCB334573 /* Frameworks */ = {
			isa = PBXGroup;
			children = (
				2F9A22ABD2AC31A6F2C1F9F2 /* Pods_instagramMarch10.framework */,
				D4EE1780249005765B5FA3AF /* Pods_instagramMarch10Tests.framework */,
			);
			name = Frameworks;
			sourceTree = "<group>";
		};
		9F032AFF245CB73000A5A5EF /* Storyboard */ = {
			isa = PBXGroup;
			children = (
				9F4763E02418188E006FC91B /* Main.storyboard */,
				9F4763FC24181D3B006FC91B /* Login.storyboard */,
				9F4763E524181891006FC91B /* LaunchScreen.storyboard */,
			);
			path = Storyboard;
			sourceTree = "<group>";
		};
		9F4763CE2418188E006FC91B = {
			isa = PBXGroup;
			children = (
				9F4763D92418188E006FC91B /* instagramMarch10 */,
				9F4763F024181891006FC91B /* instagramMarch10Tests */,
				9F4763D82418188E006FC91B /* Products */,
				B73680E73988D26FC58BB4CA /* Pods */,
				713CBB6FAAA6D02DCB334573 /* Frameworks */,
			);
			sourceTree = "<group>";
		};
		9F4763D82418188E006FC91B /* Products */ = {
			isa = PBXGroup;
			children = (
				9F4763D72418188E006FC91B /* instagramMarch10.app */,
				9F4763ED24181891006FC91B /* instagramMarch10Tests.xctest */,
			);
			name = Products;
			sourceTree = "<group>";
		};
		9F4763D92418188E006FC91B /* instagramMarch10 */ = {
			isa = PBXGroup;
			children = (
				9F032AFF245CB73000A5A5EF /* Storyboard */,
				9FF401B3245CA2FA0070C0BF /* TabbarController */,
				9FF401B0245CA2530070C0BF /* ViewControllers */,
				9FF401A7245B9BE60070C0BF /* FirebaseService */,
				9FF4019E245B92DA0070C0BF /* Extensions */,
				9FF4019B245B90D30070C0BF /* Model */,
				9FF40198245B8FF20070C0BF /* Cells */,
				9F4763DA2418188E006FC91B /* AppDelegate.swift */,
				9F4763DC2418188E006FC91B /* SceneDelegate.swift */,
				9F4763E324181891006FC91B /* Assets.xcassets */,
				9FF96C972461FDFD00C782D8 /* GoogleService-Info.plist */,
				9F4763E824181891006FC91B /* Info.plist */,
			);
			path = instagramMarch10;
			sourceTree = "<group>";
		};
		9F4763F024181891006FC91B /* instagramMarch10Tests */ = {
			isa = PBXGroup;
			children = (
				9F4763F124181891006FC91B /* instagramMarch10Tests.swift */,
				9F4763F324181891006FC91B /* Info.plist */,
			);
			path = instagramMarch10Tests;
			sourceTree = "<group>";
		};
		9FF40198245B8FF20070C0BF /* Cells */ = {
			isa = PBXGroup;
			children = (
				9FF40199245B90230070C0BF /* UserPostCell.swift */,
				9FF401AC245CA05F0070C0BF /* FeedCell.swift */,
				9FF401AE245CA2230070C0BF /* EmptyView.swift */,
			);
			path = Cells;
			sourceTree = "<group>";
		};
		9FF4019B245B90D30070C0BF /* Model */ = {
			isa = PBXGroup;
			children = (
				9FF4019C245B90E50070C0BF /* Model.swift */,
			);
			path = Model;
			sourceTree = "<group>";
		};
		9FF4019E245B92DA0070C0BF /* Extensions */ = {
			isa = PBXGroup;
			children = (
				9FF4019F245B93060070C0BF /* UIViewControllerExtensions.swift */,
				9FF401A1245B972A0070C0BF /* AlertExtensions.swift */,
				9FF401A3245B97620070C0BF /* UIImageExtension.swift */,
			);
			path = Extensions;
			sourceTree = "<group>";
		};
		9FF401A7245B9BE60070C0BF /* FirebaseService */ = {
			isa = PBXGroup;
			children = (
				9FF401A5245B98370070C0BF /* AuthenticationSession.swift */,
				9FF401A8245B9C3F0070C0BF /* StorageService.swift */,
				9FF401AA245BA1470070C0BF /* DatabaseService.swift */,
			);
			path = FirebaseService;
			sourceTree = "<group>";
		};
		9FF401B0245CA2530070C0BF /* ViewControllers */ = {
			isa = PBXGroup;
			children = (
				9FF401B4245CA3A70070C0BF /* LoginViewController.swift */,
				9FF401B6245CA6A10070C0BF /* SignUpViewController.swift */,
				9F032B00245CB86C00A5A5EF /* HomePageViewController.swift */,
				9F032B02245CC65700A5A5EF /* AddPictureViewController.swift */,
				9F032B04245CC9F400A5A5EF /* ShareViewController.swift */,
				9F9F8CE32461208C0007E138 /* Profile.swift */,
				9F9F8CE5246125D90007E138 /* EditProfileViewController.swift */,
			);
			path = ViewControllers;
			sourceTree = "<group>";
		};
		9FF401B3245CA2FA0070C0BF /* TabbarController */ = {
			isa = PBXGroup;
			children = (
				9FF401B1245CA29E0070C0BF /* MainTabBarController.swift */,
			);
			path = TabbarController;
			sourceTree = "<group>";
		};
		B73680E73988D26FC58BB4CA /* Pods */ = {
			isa = PBXGroup;
			children = (
				60ECAE0198EC0CF5BF9A9253 /* Pods-instagramMarch10.debug.xcconfig */,
				5F0B4F6924DD22F835361333 /* Pods-instagramMarch10.release.xcconfig */,
				D22228BFC59F914E114418D9 /* Pods-instagramMarch10Tests.debug.xcconfig */,
				9418A7B1F89F4687730340B7 /* Pods-instagramMarch10Tests.release.xcconfig */,
			);
			path = Pods;
			sourceTree = "<group>";
		};
/* End PBXGroup section */

/* Begin PBXNativeTarget section */
		9F4763D62418188E006FC91B /* instagramMarch10 */ = {
			isa = PBXNativeTarget;
			buildConfigurationList = 9F4763F624181891006FC91B /* Build configuration list for PBXNativeTarget "instagramMarch10" */;
			buildPhases = (
				F48BFA6502B2233A863D605B /* [CP] Check Pods Manifest.lock */,
				9F4763D32418188E006FC91B /* Sources */,
				9F4763D42418188E006FC91B /* Frameworks */,
				9F4763D52418188E006FC91B /* Resources */,
				BE31BDB17A8BAD5D1637C430 /* [CP] Embed Pods Frameworks */,
			);
			buildRules = (
			);
			dependencies = (
			);
			name = instagramMarch10;
			productName = instagramMarch10;
			productReference = 9F4763D72418188E006FC91B /* instagramMarch10.app */;
			productType = "com.apple.product-type.application";
		};
		9F4763EC24181891006FC91B /* instagramMarch10Tests */ = {
			isa = PBXNativeTarget;
			buildConfigurationList = 9F4763F924181891006FC91B /* Build configuration list for PBXNativeTarget "instagramMarch10Tests" */;
			buildPhases = (
				A06510129C7BCC0160676DFD /* [CP] Check Pods Manifest.lock */,
				9F4763E924181891006FC91B /* Sources */,
				9F4763EA24181891006FC91B /* Frameworks */,
				9F4763EB24181891006FC91B /* Resources */,
			);
			buildRules = (
			);
			dependencies = (
				9F4763EF24181891006FC91B /* PBXTargetDependency */,
			);
			name = instagramMarch10Tests;
			productName = instagramMarch10Tests;
			productReference = 9F4763ED24181891006FC91B /* instagramMarch10Tests.xctest */;
			productType = "com.apple.product-type.bundle.unit-test";
		};
/* End PBXNativeTarget section */

/* Begin PBXProject section */
		9F4763CF2418188E006FC91B /* Project object */ = {
			isa = PBXProject;
			attributes = {
				LastSwiftUpdateCheck = 1130;
				LastUpgradeCheck = 1130;
				ORGANIZATIONNAME = "Margiett Gil";
				TargetAttributes = {
					9F4763D62418188E006FC91B = {
						CreatedOnToolsVersion = 11.3.1;
					};
					9F4763EC24181891006FC91B = {
						CreatedOnToolsVersion = 11.3.1;
						TestTargetID = 9F4763D62418188E006FC91B;
					};
				};
			};
			buildConfigurationList = 9F4763D22418188E006FC91B /* Build configuration list for PBXProject "instagramMarch10" */;
			compatibilityVersion = "Xcode 9.3";
			developmentRegion = en;
			hasScannedForEncodings = 0;
			knownRegions = (
				en,
				Base,
			);
			mainGroup = 9F4763CE2418188E006FC91B;
			productRefGroup = 9F4763D82418188E006FC91B /* Products */;
			projectDirPath = "";
			projectRoot = "";
			targets = (
				9F4763D62418188E006FC91B /* instagramMarch10 */,
				9F4763EC24181891006FC91B /* instagramMarch10Tests */,
			);
		};
/* End PBXProject section */

/* Begin PBXResourcesBuildPhase section */
		9F4763D52418188E006FC91B /* Resources */ = {
			isa = PBXResourcesBuildPhase;
			buildActionMask = 2147483647;
			files = (
				9F4763E724181891006FC91B /* LaunchScreen.storyboard in Resources */,
				9F4763E424181891006FC91B /* Assets.xcassets in Resources */,
				9F4763E22418188E006FC91B /* Main.storyboard in Resources */,
				9F4763FD24181D3B006FC91B /* Login.storyboard in Resources */,
				9FF96C982461FDFD00C782D8 /* GoogleService-Info.plist in Resources */,
			);
			runOnlyForDeploymentPostprocessing = 0;
		};
		9F4763EB24181891006FC91B /* Resources */ = {
			isa = PBXResourcesBuildPhase;
			buildActionMask = 2147483647;
			files = (
			);
			runOnlyForDeploymentPostprocessing = 0;
		};
/* End PBXResourcesBuildPhase section */

/* Begin PBXShellScriptBuildPhase section */
		A06510129C7BCC0160676DFD /* [CP] Check Pods Manifest.lock */ = {
			isa = PBXShellScriptBuildPhase;
			buildActionMask = 2147483647;
			files = (
			);
			inputFileListPaths = (
			);
			inputPaths = (
				"${PODS_PODFILE_DIR_PATH}/Podfile.lock",
				"${PODS_ROOT}/Manifest.lock",
			);
			name = "[CP] Check Pods Manifest.lock";
			outputFileListPaths = (
			);
			outputPaths = (
				"$(DERIVED_FILE_DIR)/Pods-instagramMarch10Tests-checkManifestLockResult.txt",
			);
			runOnlyForDeploymentPostprocessing = 0;
			shellPath = /bin/sh;
			shellScript = "diff \"${PODS_PODFILE_DIR_PATH}/Podfile.lock\" \"${PODS_ROOT}/Manifest.lock\" > /dev/null\nif [ $? != 0 ] ; then\n    # print error to STDERR\n    echo \"error: The sandbox is not in sync with the Podfile.lock. Run 'pod install' or update your CocoaPods installation.\" >&2\n    exit 1\nfi\n# This output is used by Xcode 'outputs' to avoid re-running this script phase.\necho \"SUCCESS\" > \"${SCRIPT_OUTPUT_FILE_0}\"\n";
			showEnvVarsInLog = 0;
		};
		BE31BDB17A8BAD5D1637C430 /* [CP] Embed Pods Frameworks */ = {
			isa = PBXShellScriptBuildPhase;
			buildActionMask = 2147483647;
			files = (
			);
			inputFileListPaths = (
				"${PODS_ROOT}/Target Support Files/Pods-instagramMarch10/Pods-instagramMarch10-frameworks-${CONFIGURATION}-input-files.xcfilelist",
			);
			name = "[CP] Embed Pods Frameworks";
			outputFileListPaths = (
				"${PODS_ROOT}/Target Support Files/Pods-instagramMarch10/Pods-instagramMarch10-frameworks-${CONFIGURATION}-output-files.xcfilelist",
			);
			runOnlyForDeploymentPostprocessing = 0;
			shellPath = /bin/sh;
			shellScript = "\"${PODS_ROOT}/Target Support Files/Pods-instagramMarch10/Pods-instagramMarch10-frameworks.sh\"\n";
			showEnvVarsInLog = 0;
		};
		F48BFA6502B2233A863D605B /* [CP] Check Pods Manifest.lock */ = {
			isa = PBXShellScriptBuildPhase;
			buildActionMask = 2147483647;
			files = (
			);
			inputFileListPaths = (
			);
			inputPaths = (
				"${PODS_PODFILE_DIR_PATH}/Podfile.lock",
				"${PODS_ROOT}/Manifest.lock",
			);
			name = "[CP] Check Pods Manifest.lock";
			outputFileListPaths = (
			);
			outputPaths = (
				"$(DERIVED_FILE_DIR)/Pods-instagramMarch10-checkManifestLockResult.txt",
			);
			runOnlyForDeploymentPostprocessing = 0;
			shellPath = /bin/sh;
			shellScript = "diff \"${PODS_PODFILE_DIR_PATH}/Podfile.lock\" \"${PODS_ROOT}/Manifest.lock\" > /dev/null\nif [ $? != 0 ] ; then\n    # print error to STDERR\n    echo \"error: The sandbox is not in sync with the Podfile.lock. Run 'pod install' or update your CocoaPods installation.\" >&2\n    exit 1\nfi\n# This output is used by Xcode 'outputs' to avoid re-running this script phase.\necho \"SUCCESS\" > \"${SCRIPT_OUTPUT_FILE_0}\"\n";
			showEnvVarsInLog = 0;
		};
/* End PBXShellScriptBuildPhase section */

/* Begin PBXSourcesBuildPhase section */
		9F4763D32418188E006FC91B /* Sources */ = {
			isa = PBXSourcesBuildPhase;
			buildActionMask = 2147483647;
			files = (
				9FF4019D245B90E50070C0BF /* Model.swift in Sources */,
				9FF401AF245CA2230070C0BF /* EmptyView.swift in Sources */,
				9FF401A6245B98370070C0BF /* AuthenticationSession.swift in Sources */,
				9FF401B5245CA3A70070C0BF /* LoginViewController.swift in Sources */,
				9FF401A2245B972A0070C0BF /* AlertExtensions.swift in Sources */,
				9F4763DB2418188E006FC91B /* AppDelegate.swift in Sources */,
				9F032B05245CC9F400A5A5EF /* ShareViewController.swift in Sources */,
				9FF401AD245CA05F0070C0BF /* FeedCell.swift in Sources */,
				9F9F8CE6246125D90007E138 /* EditProfileViewController.swift in Sources */,
				9F032B03245CC65700A5A5EF /* AddPictureViewController.swift in Sources */,
				9FF401A9245B9C3F0070C0BF /* StorageService.swift in Sources */,
				9FF4019A245B90230070C0BF /* UserPostCell.swift in Sources */,
				9FF401B7245CA6A10070C0BF /* SignUpViewController.swift in Sources */,
				9FF401A0245B93060070C0BF /* UIViewControllerExtensions.swift in Sources */,
				9FF401B2245CA29E0070C0BF /* MainTabBarController.swift in Sources */,
				9F032B01245CB86C00A5A5EF /* HomePageViewController.swift in Sources */,
				9F4763DD2418188E006FC91B /* SceneDelegate.swift in Sources */,
				9F9F8CE42461208C0007E138 /* Profile.swift in Sources */,
				9FF401A4245B97620070C0BF /* UIImageExtension.swift in Sources */,
				9FF401AB245BA1470070C0BF /* DatabaseService.swift in Sources */,
			);
			runOnlyForDeploymentPostprocessing = 0;
		};
		9F4763E924181891006FC91B /* Sources */ = {
			isa = PBXSourcesBuildPhase;
			buildActionMask = 2147483647;
			files = (
				9F4763F224181891006FC91B /* instagramMarch10Tests.swift in Sources */,
			);
			runOnlyForDeploymentPostprocessing = 0;
		};
/* End PBXSourcesBuildPhase section */

/* Begin PBXTargetDependency section */
		9F4763EF24181891006FC91B /* PBXTargetDependency */ = {
			isa = PBXTargetDependency;
			target = 9F4763D62418188E006FC91B /* instagramMarch10 */;
			targetProxy = 9F4763EE24181891006FC91B /* PBXContainerItemProxy */;
		};
/* End PBXTargetDependency section */

/* Begin PBXVariantGroup section */
		9F4763E02418188E006FC91B /* Main.storyboard */ = {
			isa = PBXVariantGroup;
			children = (
				9F4763E12418188E006FC91B /* Base */,
			);
			name = Main.storyboard;
			sourceTree = "<group>";
		};
		9F4763E524181891006FC91B /* LaunchScreen.storyboard */ = {
			isa = PBXVariantGroup;
			children = (
				9F4763E624181891006FC91B /* Base */,
			);
			name = LaunchScreen.storyboard;
			sourceTree = "<group>";
		};
/* End PBXVariantGroup section */

/* Begin XCBuildConfiguration section */
		9F4763F424181891006FC91B /* Debug */ = {
			isa = XCBuildConfiguration;
			buildSettings = {
				ALWAYS_SEARCH_USER_PATHS = NO;
				CLANG_ANALYZER_NONNULL = YES;
				CLANG_ANALYZER_NUMBER_OBJECT_CONVERSION = YES_AGGRESSIVE;
				CLANG_CXX_LANGUAGE_STANDARD = "gnu++14";
				CLANG_CXX_LIBRARY = "libc++";
				CLANG_ENABLE_MODULES = YES;
				CLANG_ENABLE_OBJC_ARC = YES;
				CLANG_ENABLE_OBJC_WEAK = YES;
				CLANG_WARN_BLOCK_CAPTURE_AUTORELEASING = YES;
				CLANG_WARN_BOOL_CONVERSION = YES;
				CLANG_WARN_COMMA = YES;
				CLANG_WARN_CONSTANT_CONVERSION = YES;
				CLANG_WARN_DEPRECATED_OBJC_IMPLEMENTATIONS = YES;
				CLANG_WARN_DIRECT_OBJC_ISA_USAGE = YES_ERROR;
				CLANG_WARN_DOCUMENTATION_COMMENTS = YES;
				CLANG_WARN_EMPTY_BODY = YES;
				CLANG_WARN_ENUM_CONVERSION = YES;
				CLANG_WARN_INFINITE_RECURSION = YES;
				CLANG_WARN_INT_CONVERSION = YES;
				CLANG_WARN_NON_LITERAL_NULL_CONVERSION = YES;
				CLANG_WARN_OBJC_IMPLICIT_RETAIN_SELF = YES;
				CLANG_WARN_OBJC_LITERAL_CONVERSION = YES;
				CLANG_WARN_OBJC_ROOT_CLASS = YES_ERROR;
				CLANG_WARN_RANGE_LOOP_ANALYSIS = YES;
				CLANG_WARN_STRICT_PROTOTYPES = YES;
				CLANG_WARN_SUSPICIOUS_MOVE = YES;
				CLANG_WARN_UNGUARDED_AVAILABILITY = YES_AGGRESSIVE;
				CLANG_WARN_UNREACHABLE_CODE = YES;
				CLANG_WARN__DUPLICATE_METHOD_MATCH = YES;
				COPY_PHASE_STRIP = NO;
				DEBUG_INFORMATION_FORMAT = dwarf;
				ENABLE_STRICT_OBJC_MSGSEND = YES;
				ENABLE_TESTABILITY = YES;
				GCC_C_LANGUAGE_STANDARD = gnu11;
				GCC_DYNAMIC_NO_PIC = NO;
				GCC_NO_COMMON_BLOCKS = YES;
				GCC_OPTIMIZATION_LEVEL = 0;
				GCC_PREPROCESSOR_DEFINITIONS = (
					"DEBUG=1",
					"$(inherited)",
				);
				GCC_WARN_64_TO_32_BIT_CONVERSION = YES;
				GCC_WARN_ABOUT_RETURN_TYPE = YES_ERROR;
				GCC_WARN_UNDECLARED_SELECTOR = YES;
				GCC_WARN_UNINITIALIZED_AUTOS = YES_AGGRESSIVE;
				GCC_WARN_UNUSED_FUNCTION = YES;
				GCC_WARN_UNUSED_VARIABLE = YES;
				IPHONEOS_DEPLOYMENT_TARGET = 13.2;
				MTL_ENABLE_DEBUG_INFO = INCLUDE_SOURCE;
				MTL_FAST_MATH = YES;
				ONLY_ACTIVE_ARCH = YES;
				SDKROOT = iphoneos;
				SWIFT_ACTIVE_COMPILATION_CONDITIONS = DEBUG;
				SWIFT_OPTIMIZATION_LEVEL = "-Onone";
			};
			name = Debug;
		};
		9F4763F524181891006FC91B /* Release */ = {
			isa = XCBuildConfiguration;
			buildSettings = {
				ALWAYS_SEARCH_USER_PATHS = NO;
				CLANG_ANALYZER_NONNULL = YES;
				CLANG_ANALYZER_NUMBER_OBJECT_CONVERSION = YES_AGGRESSIVE;
				CLANG_CXX_LANGUAGE_STANDARD = "gnu++14";
				CLANG_CXX_LIBRARY = "libc++";
				CLANG_ENABLE_MODULES = YES;
				CLANG_ENABLE_OBJC_ARC = YES;
				CLANG_ENABLE_OBJC_WEAK = YES;
				CLANG_WARN_BLOCK_CAPTURE_AUTORELEASING = YES;
				CLANG_WARN_BOOL_CONVERSION = YES;
				CLANG_WARN_COMMA = YES;
				CLANG_WARN_CONSTANT_CONVERSION = YES;
				CLANG_WARN_DEPRECATED_OBJC_IMPLEMENTATIONS = YES;
				CLANG_WARN_DIRECT_OBJC_ISA_USAGE = YES_ERROR;
				CLANG_WARN_DOCUMENTATION_COMMENTS = YES;
				CLANG_WARN_EMPTY_BODY = YES;
				CLANG_WARN_ENUM_CONVERSION = YES;
				CLANG_WARN_INFINITE_RECURSION = YES;
				CLANG_WARN_INT_CONVERSION = YES;
				CLANG_WARN_NON_LITERAL_NULL_CONVERSION = YES;
				CLANG_WARN_OBJC_IMPLICIT_RETAIN_SELF = YES;
				CLANG_WARN_OBJC_LITERAL_CONVERSION = YES;
				CLANG_WARN_OBJC_ROOT_CLASS = YES_ERROR;
				CLANG_WARN_RANGE_LOOP_ANALYSIS = YES;
				CLANG_WARN_STRICT_PROTOTYPES = YES;
				CLANG_WARN_SUSPICIOUS_MOVE = YES;
				CLANG_WARN_UNGUARDED_AVAILABILITY = YES_AGGRESSIVE;
				CLANG_WARN_UNREACHABLE_CODE = YES;
				CLANG_WARN__DUPLICATE_METHOD_MATCH = YES;
				COPY_PHASE_STRIP = NO;
				DEBUG_INFORMATION_FORMAT = "dwarf-with-dsym";
				ENABLE_NS_ASSERTIONS = NO;
				ENABLE_STRICT_OBJC_MSGSEND = YES;
				GCC_C_LANGUAGE_STANDARD = gnu11;
				GCC_NO_COMMON_BLOCKS = YES;
				GCC_WARN_64_TO_32_BIT_CONVERSION = YES;
				GCC_WARN_ABOUT_RETURN_TYPE = YES_ERROR;
				GCC_WARN_UNDECLARED_SELECTOR = YES;
				GCC_WARN_UNINITIALIZED_AUTOS = YES_AGGRESSIVE;
				GCC_WARN_UNUSED_FUNCTION = YES;
				GCC_WARN_UNUSED_VARIABLE = YES;
				IPHONEOS_DEPLOYMENT_TARGET = 13.2;
				MTL_ENABLE_DEBUG_INFO = NO;
				MTL_FAST_MATH = YES;
				SDKROOT = iphoneos;
				SWIFT_COMPILATION_MODE = wholemodule;
				SWIFT_OPTIMIZATION_LEVEL = "-O";
				VALIDATE_PRODUCT = YES;
			};
			name = Release;
		};
		9F4763F724181891006FC91B /* Debug */ = {
			isa = XCBuildConfiguration;
			baseConfigurationReference = 60ECAE0198EC0CF5BF9A9253 /* Pods-instagramMarch10.debug.xcconfig */;
			buildSettings = {
				ASSETCATALOG_COMPILER_APPICON_NAME = AppIcon;
				CODE_SIGN_STYLE = Automatic;
				DEVELOPMENT_TEAM = J35376R2S6;
				INFOPLIST_FILE = instagramMarch10/Info.plist;
				LD_RUNPATH_SEARCH_PATHS = (
					"$(inherited)",
					"@executable_path/Frameworks",
				);
				PRODUCT_BUNDLE_IDENTIFIER = com.Margiett.instagramMarch10;
				PRODUCT_NAME = "$(TARGET_NAME)";
				SWIFT_VERSION = 5.0;
				TARGETED_DEVICE_FAMILY = "1,2";
			};
			name = Debug;
		};
		9F4763F824181891006FC91B /* Release */ = {
			isa = XCBuildConfiguration;
			baseConfigurationReference = 5F0B4F6924DD22F835361333 /* Pods-instagramMarch10.release.xcconfig */;
			buildSettings = {
				ASSETCATALOG_COMPILER_APPICON_NAME = AppIcon;
				CODE_SIGN_STYLE = Automatic;
				DEVELOPMENT_TEAM = J35376R2S6;
				INFOPLIST_FILE = instagramMarch10/Info.plist;
				LD_RUNPATH_SEARCH_PATHS = (
					"$(inherited)",
					"@executable_path/Frameworks",
				);
				PRODUCT_BUNDLE_IDENTIFIER = com.Margiett.instagramMarch10;
				PRODUCT_NAME = "$(TARGET_NAME)";
				SWIFT_VERSION = 5.0;
				TARGETED_DEVICE_FAMILY = "1,2";
			};
			name = Release;
		};
		9F4763FA24181891006FC91B /* Debug */ = {
			isa = XCBuildConfiguration;
			baseConfigurationReference = D22228BFC59F914E114418D9 /* Pods-instagramMarch10Tests.debug.xcconfig */;
			buildSettings = {
				ALWAYS_EMBED_SWIFT_STANDARD_LIBRARIES = YES;
				BUNDLE_LOADER = "$(TEST_HOST)";
				CODE_SIGN_STYLE = Automatic;
				DEVELOPMENT_TEAM = J35376R2S6;
				INFOPLIST_FILE = instagramMarch10Tests/Info.plist;
				IPHONEOS_DEPLOYMENT_TARGET = 13.2;
				LD_RUNPATH_SEARCH_PATHS = (
					"$(inherited)",
					"@executable_path/Frameworks",
					"@loader_path/Frameworks",
				);
				PRODUCT_BUNDLE_IDENTIFIER = com.Margiett.instagramMarch10Tests;
				PRODUCT_NAME = "$(TARGET_NAME)";
				SWIFT_VERSION = 5.0;
				TARGETED_DEVICE_FAMILY = "1,2";
				TEST_HOST = "$(BUILT_PRODUCTS_DIR)/instagramMarch10.app/instagramMarch10";
			};
			name = Debug;
		};
		9F4763FB24181891006FC91B /* Release */ = {
			isa = XCBuildConfiguration;
			baseConfigurationReference = 9418A7B1F89F4687730340B7 /* Pods-instagramMarch10Tests.release.xcconfig */;
			buildSettings = {
				ALWAYS_EMBED_SWIFT_STANDARD_LIBRARIES = YES;
				BUNDLE_LOADER = "$(TEST_HOST)";
				CODE_SIGN_STYLE = Automatic;
				DEVELOPMENT_TEAM = J35376R2S6;
				INFOPLIST_FILE = instagramMarch10Tests/Info.plist;
				IPHONEOS_DEPLOYMENT_TARGET = 13.2;
				LD_RUNPATH_SEARCH_PATHS = (
					"$(inherited)",
					"@executable_path/Frameworks",
					"@loader_path/Frameworks",
				);
				PRODUCT_BUNDLE_IDENTIFIER = com.Margiett.instagramMarch10Tests;
				PRODUCT_NAME = "$(TARGET_NAME)";
				SWIFT_VERSION = 5.0;
				TARGETED_DEVICE_FAMILY = "1,2";
				TEST_HOST = "$(BUILT_PRODUCTS_DIR)/instagramMarch10.app/instagramMarch10";
			};
			name = Release;
		};
/* End XCBuildConfiguration section */

/* Begin XCConfigurationList section */
		9F4763D22418188E006FC91B /* Build configuration list for PBXProject "instagramMarch10" */ = {
			isa = XCConfigurationList;
			buildConfigurations = (
				9F4763F424181891006FC91B /* Debug */,
				9F4763F524181891006FC91B /* Release */,
			);
			defaultConfigurationIsVisible = 0;
			defaultConfigurationName = Release;
		};
		9F4763F624181891006FC91B /* Build configuration list for PBXNativeTarget "instagramMarch10" */ = {
			isa = XCConfigurationList;
			buildConfigurations = (
				9F4763F724181891006FC91B /* Debug */,
				9F4763F824181891006FC91B /* Release */,
			);
			defaultConfigurationIsVisible = 0;
			defaultConfigurationName = Release;
		};
		9F4763F924181891006FC91B /* Build configuration list for PBXNativeTarget "instagramMarch10Tests" */ = {
			isa = XCConfigurationList;
			buildConfigurations = (
				9F4763FA24181891006FC91B /* Debug */,
				9F4763FB24181891006FC91B /* Release */,
			);
			defaultConfigurationIsVisible = 0;
			defaultConfigurationName = Release;
		};
/* End XCConfigurationList section */
	};
	rootObject = 9F4763CF2418188E006FC91B /* Project object */;
}
